<?xml version="1.0" encoding="utf-8"?>
<Project xmlns="http://schemas.microsoft.com/developer/msbuild/2003">
  <PropertyGroup>
    <ProjectGuid>{5c1c4136-6014-4905-a589-7a1f436fdc34}</ProjectGuid>
    <MainSource>MapEdit.dpr</MainSource>
    <Configuration Condition=" '$(Configuration)' == '' ">Release</Configuration>
    <Platform Condition=" '$(Platform)' == '' ">AnyCPU</Platform>
    <DCC_DCCCompiler>DCC32</DCC_DCCCompiler>
    <DCC_DependencyCheckOutputName>D:\Release\Tools\MapEdit.exe</DCC_DependencyCheckOutputName>
  </PropertyGroup>
  <PropertyGroup Condition=" '$(Configuration)|$(Platform)' == 'Release|AnyCPU' ">
    <Version>7.0</Version>
    <DCC_DebugInformation>False</DCC_DebugInformation>
    <DCC_LocalDebugSymbols>False</DCC_LocalDebugSymbols>
    <DCC_SymbolReferenceInfo>0</DCC_SymbolReferenceInfo>
    <DCC_ExeOutput>D:\Release\Tools</DCC_ExeOutput>
    <DCC_Define>RELEASE;WORKFILE</DCC_Define>
    <DCC_SYMBOL_PLATFORM>False</DCC_SYMBOL_PLATFORM>
    <DCC_UNIT_PLATFORM>False</DCC_UNIT_PLATFORM>
    <DCC_UnitSearchPath>..\..\Common;..\..\控件;..\..\控件\MyDirect9;..\..\WIL;..\..\\HGEDelphi\Source\DirectX;..\..\\HGEDelphi\Source\Sound</DCC_UnitSearchPath>
    <DCC_ResourcePath>..\..\Common;..\..\控件;..\..\控件\MyDirect9;..\..\WIL;..\..\\HGEDelphi\Source\DirectX;..\..\\HGEDelphi\Source\Sound</DCC_ResourcePath>
    <DCC_ObjPath>..\..\Common;..\..\控件;..\..\控件\MyDirect9;..\..\WIL;..\..\\HGEDelphi\Source\DirectX;..\..\\HGEDelphi\Source\Sound</DCC_ObjPath>
    <DCC_IncludePath>..\..\Common;..\..\控件;..\..\控件\MyDirect9;..\..\WIL;..\..\\HGEDelphi\Source\DirectX;..\..\\HGEDelphi\Source\Sound</DCC_IncludePath>
  </PropertyGroup>
  <PropertyGroup Condition=" '$(Configuration)|$(Platform)' == 'Debug|AnyCPU' ">
    <Version>7.0</Version>
    <DCC_Define>DEBUG;WORKFILE</DCC_Define>
    <DCC_ExeOutput>E:\网络游戏\热血传奇2\Data</DCC_ExeOutput>
    <DCC_SYMBOL_PLATFORM>False</DCC_SYMBOL_PLATFORM>
    <DCC_UNIT_PLATFORM>False</DCC_UNIT_PLATFORM>
  </PropertyGroup>
  <ProjectExtensions>
    <Borland.Personality>Delphi.Personality</Borland.Personality>
    <Borland.ProjectType>VCLApplication</Borland.ProjectType>
    <BorlandProject>
<BorlandProject><Delphi.Personality><Parameters><Parameters Name="UseLauncher">False</Parameters><Parameters Name="LoadAllSymbols">True</Parameters><Parameters Name="LoadUnspecifiedSymbols">False</Parameters></Parameters><Language><Language Name="RootDir">D:\Program Files\Borland\Delphi6\Bin\</Language></Language><VersionInfo><VersionInfo Name="IncludeVerInfo">True</VersionInfo><VersionInfo Name="AutoIncBuild">False</VersionInfo><VersionInfo Name="MajorVer">1</VersionInfo><VersionInfo Name="MinorVer">0</VersionInfo><VersionInfo Name="Release">0</VersionInfo><VersionInfo Name="Build">0</VersionInfo><VersionInfo Name="Debug">False</VersionInfo><VersionInfo Name="PreRelease">False</VersionInfo><VersionInfo Name="Special">False</VersionInfo><VersionInfo Name="Private">False</VersionInfo><VersionInfo Name="DLL">False</VersionInfo><VersionInfo Name="Locale">2052</VersionInfo><VersionInfo Name="CodePage">936</VersionInfo></VersionInfo><VersionInfoKeys><VersionInfoKeys Name="CompanyName"></VersionInfoKeys><VersionInfoKeys Name="FileDescription">地图编辑器</VersionInfoKeys><VersionInfoKeys Name="FileVersion">1.0.0.0</VersionInfoKeys><VersionInfoKeys Name="InternalName"></VersionInfoKeys><VersionInfoKeys Name="LegalCopyright">http://www.applem2.com</VersionInfoKeys><VersionInfoKeys Name="LegalTrademarks"></VersionInfoKeys><VersionInfoKeys Name="OriginalFilename">MapEdit.exe</VersionInfoKeys><VersionInfoKeys Name="ProductName">地图编辑器</VersionInfoKeys><VersionInfoKeys Name="ProductVersion">1.0.0.0</VersionInfoKeys><VersionInfoKeys Name="Comments"></VersionInfoKeys></VersionInfoKeys><Source><Source Name="MainSource">MapEdit.dpr</Source></Source></Delphi.Personality></BorlandProject></BorlandProject>
  </ProjectExtensions>
  <Import Project="$(MSBuildBinPath)\Borland.Delphi.Targets" />
  <ItemGroup>
    <DelphiCompile Include="MapEdit.dpr">
      <MainSource>MainSource</MainSource>
    </DelphiCompile>
    <DCCReference Include="..\..\Common\DES.pas" />
    <DCCReference Include="..\..\Common\HUtil32.pas" />
    <DCCReference Include="..\..\HGEDelphi\Source\HGE.pas" />
    <DCCReference Include="..\..\HGEDelphi\Source\HGEBase.pas" />
    <DCCReference Include="..\..\HGEDelphi\Source\HGECanvas.pas" />
    <DCCReference Include="..\..\HGEDelphi\Source\HGEFonts.pas" />
    <DCCReference Include="..\..\HGEDelphi\Source\HGEGUI.pas" />
    <DCCReference Include="..\..\HGEDelphi\Source\HGESounds.pas" />
    <DCCReference Include="..\..\HGEDelphi\Source\HGETextures.pas" />
    <DCCReference Include="about.pas">
      <Form>Form1</Form>
    </DCCReference>
    <DCCReference Include="DoorDlg.pas">
      <Form>FrmDoorDlg</Form>
    </DCCReference>
    <DCCReference Include="EdMain.pas">
      <Form>FrmMain</Form>
    </DCCReference>
    <DCCReference Include="FObj.pas">
      <Form>FrmObj</Form>
    </DCCReference>
    <DCCReference Include="FScrlXY.pas">
      <Form>FrmScrollMap</Form>
    </DCCReference>
    <DCCReference Include="glight.pas">
      <Form>FrmGetLight</Form>
    </DCCReference>
    <DCCReference Include="MapSize.pas">
      <Form>FrmMapSize</Form>
    </DCCReference>
    <DCCReference Include="MoveObj.pas">
      <Form>FrmMoveObj</Form>
    </DCCReference>
    <DCCReference Include="mpalett.pas">
      <Form>FrmMainPal</Form>
    </DCCReference>
    <DCCReference Include="ObjEdit.pas">
      <Form>FrmObjEdit</Form>
    </DCCReference>
    <DCCReference Include="ObjSet.pas">
      <Form>FrmObjSet</Form>
    </DCCReference>
    <DCCReference Include="segunit.pas">
      <Form>FrmSegment</Form>
    </DCCReference>
    <DCCReference Include="SmTile.pas" />
    <DCCReference Include="Tile.pas">
      <Form>FrmTile</Form>
    </DCCReference>
  </ItemGroup>
</Project>